
Microsoft Visual Studio Solution File, Format Version 12.00
Project("{FAE04EC0-301F-11D3-BF4B-00C04F79EFBC}") = "Anagram", "Anagram\Anagram.csproj", "{CFA34FB1-3ECA-44EC-8887-5DB794A34501}"
EndProject
Project("{FAE04EC0-301F-11D3-BF4B-00C04F79EFBC}") = "Anagram.Tests", "Anagram.Tests\Anagram.Tests.csproj", "{92180C74-1668-4B3C-8029-C5F2D8698B79}"
EndProject
Global
	GlobalSection(SolutionConfigurationPlatforms) = preSolution
		Debug|Any CPU = Debug|Any CPU
		Release|Any CPU = Release|Any CPU
	EndGlobalSection
	GlobalSection(ProjectConfigurationPlatforms) = postSolution
		{CFA34FB1-3ECA-44EC-8887-5DB794A34501}.Debug|Any CPU.ActiveCfg = Debug|Any CPU
		{CFA34FB1-3ECA-44EC-8887-5DB794A34501}.Debug|Any CPU.Build.0 = Debug|Any CPU
		{CFA34FB1-3ECA-44EC-8887-5DB794A34501}.Release|Any CPU.ActiveCfg = Release|Any CPU
		{CFA34FB1-3ECA-44EC-8887-5DB794A34501}.Release|Any CPU.Build.0 = Release|Any CPU
		{92180C74-1668-4B3C-8029-C5F2D8698B79}.Debug|Any CPU.ActiveCfg = Debug|Any CPU
		{92180C74-1668-4B3C-8029-C5F2D8698B79}.Debug|Any CPU.Build.0 = Debug|Any CPU
		{92180C74-1668-4B3C-8029-C5F2D8698B79}.Release|Any CPU.ActiveCfg = Release|Any CPU
		{92180C74-1668-4B3C-8029-C5F2D8698B79}.Release|Any CPU.Build.0 = Release|Any CPU
	EndGlobalSection
EndGlobal
